{
  "name": "the-librarian",
  "version": "0.1.0",
  "lockfileVersion": 3,
  "requires": true,
  "packages": {
    "": {
      "name": "the-librarian",
      "version": "0.1.0",
      "license": "Apache-2.0",
      "bin": {
        "the-librarian": "src/server.js"
      },
      "engines": {
        "node": ">=22.5.0"
      }
    }
  }
}
